# This file was autogenerated by Stack.
# You should not edit this file by hand.
# For more information, please see the documentation at:
#   https://docs.haskellstack.org/en/stable/lock_files

packages:
- completed:
    name: daemons
    version: 0.3.0
    git: https://github.com/msrdic/daemons
    pantry-tree:
      size: 1170
      sha256: 31dfa31074c25c68df6a7e5e034e68e39829c632996637ecb23f0d1a7bb212a8
    commit: 3cb08ef558882e795a171224cd949e9e93a1e4cf
  original:
    git: https://github.com/msrdic/daemons
    commit: 3cb08ef558882e795a171224cd949e9e93a1e4cf
snapshots:
- completed:
    size: 532414
    url: https://raw.githubusercontent.com/commercialhaskell/stackage-snapshots/master/lts/16/22.yaml
    sha256: e483fb88549fc0f454c190979bf35ac91c7aceff2c0e71e7d8edd11842d772d8
  original:
    url: https://raw.githubusercontent.com/commercialhaskell/stackage-snapshots/master/lts/16/22.yaml
